
Microsoft Visual Studio Solution File, Format Version 12.00
# Visual Studio Version 16
VisualStudioVersion = 16.0.31410.357
MinimumVisualStudioVersion = 10.0.40219.1
Project("{FAE04EC0-301F-11D3-BF4B-00C04F79EFBC}") = "DeckManager", "DeckManager.csproj", "{5220B872-3371-4418-A33D-72FB8340B48D}"
EndProject
Global
	GlobalSection(SolutionConfigurationPlatforms) = preSolution
		Debug|Any CPU = Debug|Any CPU
		Release|Any CPU = Release|Any CPU
	EndGlobalSection
	GlobalSection(ProjectConfigurationPlatforms) = postSolution
		{5220B872-3371-4418-A33D-72FB8340B48D}.Debug|Any CPU.ActiveCfg = Debug|Any CPU
		{5220B872-3371-4418-A33D-72FB8340B48D}.Debug|Any CPU.Build.0 = Debug|Any CPU
		{5220B872-3371-4418-A33D-72FB8340B48D}.Release|Any CPU.ActiveCfg = Release|Any CPU
		{5220B872-3371-4418-A33D-72FB8340B48D}.Release|Any CPU.Build.0 = Release|Any CPU
	EndGlobalSection
	GlobalSection(SolutionProperties) = preSolution
		HideSolutionNode = FALSE
	EndGlobalSection
	GlobalSection(ExtensibilityGlobals) = postSolution
		SolutionGuid = {89DA55FD-5A2D-464F-976B-72307184B33B}
	EndGlobalSection
EndGlobal
